
Microsoft Visual Studio Solution File, Format Version 12.00
# Visual Studio Version 17
VisualStudioVersion = 17.5.2.0
MinimumVisualStudioVersion = 10.0.40219.1
Project("{FAE04EC0-301F-11D3-BF4B-00C04F79EFBC}") = "advent-1", "advent-1.csproj", "{02B4AC4F-F7EA-D442-65EE-EE6FBD2684E0}"
EndProject
Project("{FAE04EC0-301F-11D3-BF4B-00C04F79EFBC}") = "advent-2", "..\advent-2\advent-2.csproj", "{E876C15F-192A-4523-ADD2-FC733280E215}"
EndProject
Global
	GlobalSection(SolutionConfigurationPlatforms) = preSolution
		Debug|Any CPU = Debug|Any CPU
		Debug|x64 = Debug|x64
		Debug|x86 = Debug|x86
		Release|Any CPU = Release|Any CPU
		Release|x64 = Release|x64
		Release|x86 = Release|x86
	EndGlobalSection
	GlobalSection(ProjectConfigurationPlatforms) = postSolution
		{02B4AC4F-F7EA-D442-65EE-EE6FBD2684E0}.Debug|Any CPU.ActiveCfg = Debug|Any CPU
		{02B4AC4F-F7EA-D442-65EE-EE6FBD2684E0}.Debug|Any CPU.Build.0 = Debug|Any CPU
		{02B4AC4F-F7EA-D442-65EE-EE6FBD2684E0}.Debug|x64.ActiveCfg = Debug|Any CPU
		{02B4AC4F-F7EA-D442-65EE-EE6FBD2684E0}.Debug|x64.Build.0 = Debug|Any CPU
		{02B4AC4F-F7EA-D442-65EE-EE6FBD2684E0}.Debug|x86.ActiveCfg = Debug|Any CPU
		{02B4AC4F-F7EA-D442-65EE-EE6FBD2684E0}.Debug|x86.Build.0 = Debug|Any CPU
		{02B4AC4F-F7EA-D442-65EE-EE6FBD2684E0}.Release|Any CPU.ActiveCfg = Release|Any CPU
		{02B4AC4F-F7EA-D442-65EE-EE6FBD2684E0}.Release|Any CPU.Build.0 = Release|Any CPU
		{02B4AC4F-F7EA-D442-65EE-EE6FBD2684E0}.Release|x64.ActiveCfg = Release|Any CPU
		{02B4AC4F-F7EA-D442-65EE-EE6FBD2684E0}.Release|x64.Build.0 = Release|Any CPU
		{02B4AC4F-F7EA-D442-65EE-EE6FBD2684E0}.Release|x86.ActiveCfg = Release|Any CPU
		{02B4AC4F-F7EA-D442-65EE-EE6FBD2684E0}.Release|x86.Build.0 = Release|Any CPU
		{E876C15F-192A-4523-ADD2-FC733280E215}.Debug|Any CPU.ActiveCfg = Debug|Any CPU
		{E876C15F-192A-4523-ADD2-FC733280E215}.Debug|Any CPU.Build.0 = Debug|Any CPU
		{E876C15F-192A-4523-ADD2-FC733280E215}.Debug|x64.ActiveCfg = Debug|Any CPU
		{E876C15F-192A-4523-ADD2-FC733280E215}.Debug|x64.Build.0 = Debug|Any CPU
		{E876C15F-192A-4523-ADD2-FC733280E215}.Debug|x86.ActiveCfg = Debug|Any CPU
		{E876C15F-192A-4523-ADD2-FC733280E215}.Debug|x86.Build.0 = Debug|Any CPU
		{E876C15F-192A-4523-ADD2-FC733280E215}.Release|Any CPU.ActiveCfg = Release|Any CPU
		{E876C15F-192A-4523-ADD2-FC733280E215}.Release|Any CPU.Build.0 = Release|Any CPU
		{E876C15F-192A-4523-ADD2-FC733280E215}.Release|x64.ActiveCfg = Release|Any CPU
		{E876C15F-192A-4523-ADD2-FC733280E215}.Release|x64.Build.0 = Release|Any CPU
		{E876C15F-192A-4523-ADD2-FC733280E215}.Release|x86.ActiveCfg = Release|Any CPU
		{E876C15F-192A-4523-ADD2-FC733280E215}.Release|x86.Build.0 = Release|Any CPU
	EndGlobalSection
	GlobalSection(SolutionProperties) = preSolution
		HideSolutionNode = FALSE
	EndGlobalSection
	GlobalSection(ExtensibilityGlobals) = postSolution
		SolutionGuid = {B1B18D89-1D01-4BFE-9E66-F2239313EA76}
	EndGlobalSection
EndGlobal
